
Microsoft Visual Studio Solution File, Format Version 12.00
# Visual Studio 15
VisualStudioVersion = 15.0.26730.15
MinimumVisualStudioVersion = 10.0.40219.1
Project("{FAE04EC0-301F-11D3-BF4B-00C04F79EFBC}") = "MySqlQueryBuilder", "MySqlQueryBuilder.csproj", "{BD7AD96B-DAA3-4860-B06E-5B0EC236C59A}"
EndProject
Global
	GlobalSection(SolutionConfigurationPlatforms) = preSolution
		Debug|Any CPU = Debug|Any CPU
		Release|Any CPU = Release|Any CPU
	EndGlobalSection
	GlobalSection(ProjectConfigurationPlatforms) = postSolution
		{BD7AD96B-DAA3-4860-B06E-5B0EC236C59A}.Debug|Any CPU.ActiveCfg = Debug|Any CPU
		{BD7AD96B-DAA3-4860-B06E-5B0EC236C59A}.Debug|Any CPU.Build.0 = Debug|Any CPU
		{BD7AD96B-DAA3-4860-B06E-5B0EC236C59A}.Release|Any CPU.ActiveCfg = Release|Any CPU
		{BD7AD96B-DAA3-4860-B06E-5B0EC236C59A}.Release|Any CPU.Build.0 = Release|Any CPU
	EndGlobalSection
	GlobalSection(SolutionProperties) = preSolution
		HideSolutionNode = FALSE
	EndGlobalSection
	GlobalSection(ExtensibilityGlobals) = postSolution
		SolutionGuid = {048AA670-717C-41A5-99CC-3FC59DA78079}
	EndGlobalSection
	GlobalSection(TeamFoundationVersionControl) = preSolution
		SccNumberOfProjects = 2
		SccEnterpriseProvider = {4CA58AB2-18FA-4F8D-95D4-32DDF27D184C}
		SccTeamFoundationServer = http://141.218.142.130:8080/tfs/defaultcollection
		SccLocalPath0 = .
		SccProjectUniqueName1 = MySqlQueryBuilder.csproj
		SccLocalPath1 = .
	EndGlobalSection
EndGlobal
